
Microsoft Visual Studio Solution File, Format Version 12.00
# Visual Studio Version 17
VisualStudioVersion = 17.7.34003.232
MinimumVisualStudioVersion = 10.0.40219.1
Project("{FAE04EC0-301F-11D3-BF4B-00C04F79EFBC}") = "SteamsferWeb", "SteamsferWeb\SteamsferWeb.csproj", "{E751085B-4E83-4F38-9022-77D8764301A8}"
EndProject
Global
	GlobalSection(SolutionConfigurationPlatforms) = preSolution
		Debug|Any CPU = Debug|Any CPU
		Release|Any CPU = Release|Any CPU
	EndGlobalSection
	GlobalSection(ProjectConfigurationPlatforms) = postSolution
		{E751085B-4E83-4F38-9022-77D8764301A8}.Debug|Any CPU.ActiveCfg = Debug|Any CPU
		{E751085B-4E83-4F38-9022-77D8764301A8}.Debug|Any CPU.Build.0 = Debug|Any CPU
		{E751085B-4E83-4F38-9022-77D8764301A8}.Release|Any CPU.ActiveCfg = Release|Any CPU
		{E751085B-4E83-4F38-9022-77D8764301A8}.Release|Any CPU.Build.0 = Release|Any CPU
	EndGlobalSection
	GlobalSection(SolutionProperties) = preSolution
		HideSolutionNode = FALSE
	EndGlobalSection
	GlobalSection(ExtensibilityGlobals) = postSolution
		SolutionGuid = {F540C688-F9E8-4D4E-AF32-74C5C9BE0BD1}
	EndGlobalSection
EndGlobal
